
Microsoft Visual Studio Solution File, Format Version 12.00
# Visual Studio Version 17
VisualStudioVersion = 17.9.34728.123
MinimumVisualStudioVersion = 10.0.40219.1
Project("{FAE04EC0-301F-11D3-BF4B-00C04F79EFBC}") = "Clinica", "Clinica\Clinica.csproj", "{EFB7DFE3-ADF1-4B5F-A660-2549B10C121D}"
EndProject
Global
	GlobalSection(SolutionConfigurationPlatforms) = preSolution
		Debug|Any CPU = Debug|Any CPU
		Release|Any CPU = Release|Any CPU
	EndGlobalSection
	GlobalSection(ProjectConfigurationPlatforms) = postSolution
		{EFB7DFE3-ADF1-4B5F-A660-2549B10C121D}.Debug|Any CPU.ActiveCfg = Debug|Any CPU
		{EFB7DFE3-ADF1-4B5F-A660-2549B10C121D}.Debug|Any CPU.Build.0 = Debug|Any CPU
		{EFB7DFE3-ADF1-4B5F-A660-2549B10C121D}.Release|Any CPU.ActiveCfg = Release|Any CPU
		{EFB7DFE3-ADF1-4B5F-A660-2549B10C121D}.Release|Any CPU.Build.0 = Release|Any CPU
	EndGlobalSection
	GlobalSection(SolutionProperties) = preSolution
		HideSolutionNode = FALSE
	EndGlobalSection
	GlobalSection(ExtensibilityGlobals) = postSolution
		SolutionGuid = {D3EDDCB8-86C9-485D-A5DF-E3FF015E218F}
	EndGlobalSection
EndGlobal
